
Microsoft Visual Studio Solution File, Format Version 12.00
# Visual Studio 15
Project("{FAE04EC0-301F-11D3-BF4B-00C04F79EFBC}") = "Assembly-CSharp", "Assembly-CSharp.csproj", "{5274ECC0-EB2F-A6E4-5738-33CABD3D29DB}"
EndProject
Project("{FAE04EC0-301F-11D3-BF4B-00C04F79EFBC}") = "Assembly-CSharp-Editor", "Assembly-CSharp-Editor.csproj", "{A15D68E4-EBE5-B41A-7BCA-9FDBC5DE8719}"
EndProject
Global
	GlobalSection(SolutionConfigurationPlatforms) = preSolution
		Debug|Any CPU = Debug|Any CPU
		Release|Any CPU = Release|Any CPU
	EndGlobalSection
	GlobalSection(ProjectConfigurationPlatforms) = postSolution
		{5274ECC0-EB2F-A6E4-5738-33CABD3D29DB}.Debug|Any CPU.ActiveCfg = Debug|Any CPU
		{5274ECC0-EB2F-A6E4-5738-33CABD3D29DB}.Debug|Any CPU.Build.0 = Debug|Any CPU
		{5274ECC0-EB2F-A6E4-5738-33CABD3D29DB}.Release|Any CPU.ActiveCfg = Release|Any CPU
		{5274ECC0-EB2F-A6E4-5738-33CABD3D29DB}.Release|Any CPU.Build.0 = Release|Any CPU
		{A15D68E4-EBE5-B41A-7BCA-9FDBC5DE8719}.Debug|Any CPU.ActiveCfg = Debug|Any CPU
		{A15D68E4-EBE5-B41A-7BCA-9FDBC5DE8719}.Debug|Any CPU.Build.0 = Debug|Any CPU
		{A15D68E4-EBE5-B41A-7BCA-9FDBC5DE8719}.Release|Any CPU.ActiveCfg = Release|Any CPU
		{A15D68E4-EBE5-B41A-7BCA-9FDBC5DE8719}.Release|Any CPU.Build.0 = Release|Any CPU
	EndGlobalSection
	GlobalSection(SolutionProperties) = preSolution
		HideSolutionNode = FALSE
	EndGlobalSection
EndGlobal
